{
  "name": "DynamoDb",
  "version": "1.0.0",
  "lockfileVersion": 1,
  "requires": true,
  "dependencies": {
    "runtypes": {
      "version": "6.4.0",
      "resolved": "https://registry.npmjs.org/runtypes/-/runtypes-6.4.0.tgz",
      "integrity": "sha512-WHFztoMVkZ3+KK9qPTAox9xUW1IqihItKsjLMKzGsY89EkEMSPsYV5mubz/Fkg27tt4zRm+fT+wKiuX2/3PfLQ=="
    }
  }
}
